
Microsoft Visual Studio Solution File, Format Version 12.00
# Visual Studio 15
VisualStudioVersion = 15.0.28010.2003
MinimumVisualStudioVersion = 10.0.40219.1
Project("{9A19103F-16F7-4668-BE54-9A1E7A4F7556}") = "Faithlife.FacadeGenerator", "src\Faithlife.FacadeGenerator\Faithlife.FacadeGenerator.csproj", "{3AD068B3-E9DA-4526-B3AF-C62E0A4AC5E8}"
EndProject
Project("{9A19103F-16F7-4668-BE54-9A1E7A4F7556}") = "Faithlife.ApiDiffTool", "src\Faithlife.ApiDiffTool\Faithlife.ApiDiffTool.csproj", "{34E1E997-CF68-47F8-B32C-7F566B91851D}"
EndProject
Project("{2150E333-8FDC-42A3-9474-1A3956D46DE8}") = "tests", "tests", "{E2E80F5E-835D-4D0A-BEAC-70DAD83AE04D}"
EndProject
Project("{9A19103F-16F7-4668-BE54-9A1E7A4F7556}") = "TestLibrary.V1", "tests\TestLibrary.V1\TestLibrary.V1.csproj", "{6F70D7A8-0693-41BA-9AE7-65B0F0B08BFE}"
EndProject
Project("{9A19103F-16F7-4668-BE54-9A1E7A4F7556}") = "TestLibrary.V2", "tests\TestLibrary.V2\TestLibrary.V2.csproj", "{57538D59-9988-42B5-8258-A55AC1297718}"
EndProject
Project("{2150E333-8FDC-42A3-9474-1A3956D46DE8}") = "Solution Items", "Solution Items", "{B84D9CFF-7EC7-4319-A6B6-8613AE2773F7}"
	ProjectSection(SolutionItems) = preProject
		.editorconfig = .editorconfig
		.gitattributes = .gitattributes
		.gitignore = .gitignore
		.travis.yml = .travis.yml
		appveyor.yml = appveyor.yml
		build.cake = build.cake
		build.ps1 = build.ps1
		CONTRIBUTING.md = CONTRIBUTING.md
		Faithlife.ApiDiffTools.nuspec = Faithlife.ApiDiffTools.nuspec
		LICENSE = LICENSE
		README.md = README.md
		VersionHistory.md = VersionHistory.md
	EndProjectSection
EndProject
Project("{9A19103F-16F7-4668-BE54-9A1E7A4F7556}") = "Faithlife.PackageDiffTool", "src\Faithlife.PackageDiffTool\Faithlife.PackageDiffTool.csproj", "{2D8C8F20-42C9-463E-A1FF-9ECC82CAD797}"
EndProject
Project("{9A19103F-16F7-4668-BE54-9A1E7A4F7556}") = "Faithlife.ApiDiffTool.Tests", "tests\Faithlife.ApiDiffTool.Tests\Faithlife.ApiDiffTool.Tests.csproj", "{0825EB25-1188-454C-976B-E6CAB43FDC51}"
EndProject
Project("{9A19103F-16F7-4668-BE54-9A1E7A4F7556}") = "Faithlife.PackageDiffTool.Tests", "tests\Faithlife.PackageDiffTool.Tests\Faithlife.PackageDiffTool.Tests.csproj", "{786BD2B2-6A90-4B23-B6F4-E80769910A39}"
EndProject
Project("{2150E333-8FDC-42A3-9474-1A3956D46DE8}") = "src", "src", "{FC223018-9AF0-4AAA-A001-06C6730FFD3E}"
EndProject
Project("{FAE04EC0-301F-11D3-BF4B-00C04F79EFBC}") = "Faithlife.ApiDiffTool.Tool", "src\Faithlife.ApiDiffTool.Tool\Faithlife.ApiDiffTool.Tool.csproj", "{B94415EF-7F7D-42A6-9387-D3DB4A83B9E1}"
EndProject
Project("{FAE04EC0-301F-11D3-BF4B-00C04F79EFBC}") = "Faithlife.FacadeGenerator.Tool", "src\Faithlife.FacadeGenerator.Tool\Faithlife.FacadeGenerator.Tool.csproj", "{3AA2F118-A2C7-4056-970D-7E6CED9BAA03}"
EndProject
Project("{FAE04EC0-301F-11D3-BF4B-00C04F79EFBC}") = "Faithlife.PackageDiffTool.Tool", "src\Faithlife.PackageDiffTool.Tool\Faithlife.PackageDiffTool.Tool.csproj", "{7507F2A2-D4F0-4717-8098-CA0E453AFC49}"
EndProject
Global
	GlobalSection(SharedMSBuildProjectFiles) = preSolution
		tests\TestLibrary\TestLibrary.projitems*{57538d59-9988-42b5-8258-a55ac1297718}*SharedItemsImports = 4
		tests\TestLibrary\TestLibrary.projitems*{6f70d7a8-0693-41ba-9ae7-65b0f0b08bfe}*SharedItemsImports = 4
	EndGlobalSection
	GlobalSection(SolutionConfigurationPlatforms) = preSolution
		Debug|Any CPU = Debug|Any CPU
		Release|Any CPU = Release|Any CPU
	EndGlobalSection
	GlobalSection(ProjectConfigurationPlatforms) = postSolution
		{3AD068B3-E9DA-4526-B3AF-C62E0A4AC5E8}.Debug|Any CPU.ActiveCfg = Debug|Any CPU
		{3AD068B3-E9DA-4526-B3AF-C62E0A4AC5E8}.Debug|Any CPU.Build.0 = Debug|Any CPU
		{3AD068B3-E9DA-4526-B3AF-C62E0A4AC5E8}.Release|Any CPU.ActiveCfg = Release|Any CPU
		{3AD068B3-E9DA-4526-B3AF-C62E0A4AC5E8}.Release|Any CPU.Build.0 = Release|Any CPU
		{34E1E997-CF68-47F8-B32C-7F566B91851D}.Debug|Any CPU.ActiveCfg = Debug|Any CPU
		{34E1E997-CF68-47F8-B32C-7F566B91851D}.Debug|Any CPU.Build.0 = Debug|Any CPU
		{34E1E997-CF68-47F8-B32C-7F566B91851D}.Release|Any CPU.ActiveCfg = Release|Any CPU
		{34E1E997-CF68-47F8-B32C-7F566B91851D}.Release|Any CPU.Build.0 = Release|Any CPU
		{6F70D7A8-0693-41BA-9AE7-65B0F0B08BFE}.Debug|Any CPU.ActiveCfg = Debug|Any CPU
		{6F70D7A8-0693-41BA-9AE7-65B0F0B08BFE}.Debug|Any CPU.Build.0 = Debug|Any CPU
		{6F70D7A8-0693-41BA-9AE7-65B0F0B08BFE}.Release|Any CPU.ActiveCfg = Release|Any CPU
		{6F70D7A8-0693-41BA-9AE7-65B0F0B08BFE}.Release|Any CPU.Build.0 = Release|Any CPU
		{57538D59-9988-42B5-8258-A55AC1297718}.Debug|Any CPU.ActiveCfg = Debug|Any CPU
		{57538D59-9988-42B5-8258-A55AC1297718}.Debug|Any CPU.Build.0 = Debug|Any CPU
		{57538D59-9988-42B5-8258-A55AC1297718}.Release|Any CPU.ActiveCfg = Release|Any CPU
		{57538D59-9988-42B5-8258-A55AC1297718}.Release|Any CPU.Build.0 = Release|Any CPU
		{2D8C8F20-42C9-463E-A1FF-9ECC82CAD797}.Debug|Any CPU.ActiveCfg = Debug|Any CPU
		{2D8C8F20-42C9-463E-A1FF-9ECC82CAD797}.Debug|Any CPU.Build.0 = Debug|Any CPU
		{2D8C8F20-42C9-463E-A1FF-9ECC82CAD797}.Release|Any CPU.ActiveCfg = Release|Any CPU
		{2D8C8F20-42C9-463E-A1FF-9ECC82CAD797}.Release|Any CPU.Build.0 = Release|Any CPU
		{0825EB25-1188-454C-976B-E6CAB43FDC51}.Debug|Any CPU.ActiveCfg = Debug|Any CPU
		{0825EB25-1188-454C-976B-E6CAB43FDC51}.Debug|Any CPU.Build.0 = Debug|Any CPU
		{0825EB25-1188-454C-976B-E6CAB43FDC51}.Release|Any CPU.ActiveCfg = Release|Any CPU
		{0825EB25-1188-454C-976B-E6CAB43FDC51}.Release|Any CPU.Build.0 = Release|Any CPU
		{786BD2B2-6A90-4B23-B6F4-E80769910A39}.Debug|Any CPU.ActiveCfg = Debug|Any CPU
		{786BD2B2-6A90-4B23-B6F4-E80769910A39}.Debug|Any CPU.Build.0 = Debug|Any CPU
		{786BD2B2-6A90-4B23-B6F4-E80769910A39}.Release|Any CPU.ActiveCfg = Release|Any CPU
		{786BD2B2-6A90-4B23-B6F4-E80769910A39}.Release|Any CPU.Build.0 = Release|Any CPU
		{B94415EF-7F7D-42A6-9387-D3DB4A83B9E1}.Debug|Any CPU.ActiveCfg = Debug|Any CPU
		{B94415EF-7F7D-42A6-9387-D3DB4A83B9E1}.Debug|Any CPU.Build.0 = Debug|Any CPU
		{B94415EF-7F7D-42A6-9387-D3DB4A83B9E1}.Release|Any CPU.ActiveCfg = Release|Any CPU
		{B94415EF-7F7D-42A6-9387-D3DB4A83B9E1}.Release|Any CPU.Build.0 = Release|Any CPU
		{3AA2F118-A2C7-4056-970D-7E6CED9BAA03}.Debug|Any CPU.ActiveCfg = Debug|Any CPU
		{3AA2F118-A2C7-4056-970D-7E6CED9BAA03}.Debug|Any CPU.Build.0 = Debug|Any CPU
		{3AA2F118-A2C7-4056-970D-7E6CED9BAA03}.Release|Any CPU.ActiveCfg = Release|Any CPU
		{3AA2F118-A2C7-4056-970D-7E6CED9BAA03}.Release|Any CPU.Build.0 = Release|Any CPU
		{7507F2A2-D4F0-4717-8098-CA0E453AFC49}.Debug|Any CPU.ActiveCfg = Debug|Any CPU
		{7507F2A2-D4F0-4717-8098-CA0E453AFC49}.Debug|Any CPU.Build.0 = Debug|Any CPU
		{7507F2A2-D4F0-4717-8098-CA0E453AFC49}.Release|Any CPU.ActiveCfg = Release|Any CPU
		{7507F2A2-D4F0-4717-8098-CA0E453AFC49}.Release|Any CPU.Build.0 = Release|Any CPU
	EndGlobalSection
	GlobalSection(SolutionProperties) = preSolution
		HideSolutionNode = FALSE
	EndGlobalSection
	GlobalSection(NestedProjects) = preSolution
		{6F70D7A8-0693-41BA-9AE7-65B0F0B08BFE} = {E2E80F5E-835D-4D0A-BEAC-70DAD83AE04D}
		{57538D59-9988-42B5-8258-A55AC1297718} = {E2E80F5E-835D-4D0A-BEAC-70DAD83AE04D}
		{0825EB25-1188-454C-976B-E6CAB43FDC51} = {E2E80F5E-835D-4D0A-BEAC-70DAD83AE04D}
		{786BD2B2-6A90-4B23-B6F4-E80769910A39} = {E2E80F5E-835D-4D0A-BEAC-70DAD83AE04D}
		{B94415EF-7F7D-42A6-9387-D3DB4A83B9E1} = {FC223018-9AF0-4AAA-A001-06C6730FFD3E}
		{3AA2F118-A2C7-4056-970D-7E6CED9BAA03} = {FC223018-9AF0-4AAA-A001-06C6730FFD3E}
		{7507F2A2-D4F0-4717-8098-CA0E453AFC49} = {FC223018-9AF0-4AAA-A001-06C6730FFD3E}
	EndGlobalSection
	GlobalSection(ExtensibilityGlobals) = postSolution
		SolutionGuid = {CE2696E6-06D9-4A93-8DB7-327328495B5E}
	EndGlobalSection
EndGlobal
